
Microsoft Visual Studio Solution File, Format Version 12.00
# Visual Studio Version 17
VisualStudioVersion = 17.3.32811.315
MinimumVisualStudioVersion = 10.0.40219.1
Project("{FAE04EC0-301F-11D3-BF4B-00C04F79EFBC}") = "bet365WEBAPI", "bet365WEBAPI\bet365WEBAPI.csproj", "{782BCE25-6B03-4502-A333-DA97C06B563E}"
EndProject
Global
	GlobalSection(SolutionConfigurationPlatforms) = preSolution
		Debug|Any CPU = Debug|Any CPU
		Release|Any CPU = Release|Any CPU
	EndGlobalSection
	GlobalSection(ProjectConfigurationPlatforms) = postSolution
		{782BCE25-6B03-4502-A333-DA97C06B563E}.Debug|Any CPU.ActiveCfg = Debug|Any CPU
		{782BCE25-6B03-4502-A333-DA97C06B563E}.Debug|Any CPU.Build.0 = Debug|Any CPU
		{782BCE25-6B03-4502-A333-DA97C06B563E}.Release|Any CPU.ActiveCfg = Release|Any CPU
		{782BCE25-6B03-4502-A333-DA97C06B563E}.Release|Any CPU.Build.0 = Release|Any CPU
	EndGlobalSection
	GlobalSection(SolutionProperties) = preSolution
		HideSolutionNode = FALSE
	EndGlobalSection
	GlobalSection(ExtensibilityGlobals) = postSolution
		SolutionGuid = {C3B6A302-B7F4-4B6D-A065-5A73681CBBDF}
	EndGlobalSection
EndGlobal
